// !$*UTF8*$!
{
	archiveVersion = 1;
	classes = {
	};
	objectVersion = 55;
	objects = {

/* Begin PBXBuildFile section */
		50559EA96EBEBF080DF95185 /* Pods_ContactApp_Murzaliev.framework in Frameworks */ = {isa = PBXBuildFile; fileRef = 6B0A3FF87EDCFD332CF5F663 /* Pods_ContactApp_Murzaliev.framework */; };
		DD183A4727BD42DF007B3138 /* AppDelegate.swift in Sources */ = {isa = PBXBuildFile; fileRef = DD183A4627BD42DF007B3138 /* AppDelegate.swift */; };
		DD183A4927BD42DF007B3138 /* SceneDelegate.swift in Sources */ = {isa = PBXBuildFile; fileRef = DD183A4827BD42DF007B3138 /* SceneDelegate.swift */; };
		DD183A4B27BD42DF007B3138 /* MainController.swift in Sources */ = {isa = PBXBuildFile; fileRef = DD183A4A27BD42DF007B3138 /* MainController.swift */; };
		DD183A4E27BD42DF007B3138 /* Main.storyboard in Resources */ = {isa = PBXBuildFile; fileRef = DD183A4C27BD42DF007B3138 /* Main.storyboard */; };
		DD183A5027BD42E1007B3138 /* Assets.xcassets in Resources */ = {isa = PBXBuildFile; fileRef = DD183A4F27BD42E1007B3138 /* Assets.xcassets */; };
		DD183A5327BD42E1007B3138 /* LaunchScreen.storyboard in Resources */ = {isa = PBXBuildFile; fileRef = DD183A5127BD42E1007B3138 /* LaunchScreen.storyboard */; };
		DD183A5D27BD456F007B3138 /* MainDocument.swift in Sources */ = {isa = PBXBuildFile; fileRef = DD183A5C27BD456F007B3138 /* MainDocument.swift */; };
		DD183A7227BFF505007B3138 /* AddContactController.swift in Sources */ = {isa = PBXBuildFile; fileRef = DD183A7127BFF505007B3138 /* AddContactController.swift */; };
		DD183A7427C005E8007B3138 /* ContactCell.swift in Sources */ = {isa = PBXBuildFile; fileRef = DD183A7327C005E7007B3138 /* ContactCell.swift */; };
		DD183A7627C00779007B3138 /* CellModel.swift in Sources */ = {isa = PBXBuildFile; fileRef = DD183A7527C00779007B3138 /* CellModel.swift */; };
		DDF32B9627C1112800DE94F1 /* ContactDetailsController.swift in Sources */ = {isa = PBXBuildFile; fileRef = DDF32B9527C1112800DE94F1 /* ContactDetailsController.swift */; };
/* End PBXBuildFile section */

/* Begin PBXFileReference section */
		51BF50CB2C65633CB3DCD6F5 /* Pods-ContactApp-Murzaliev.release.xcconfig */ = {isa = PBXFileReference; includeInIndex = 1; lastKnownFileType = text.xcconfig; name = "Pods-ContactApp-Murzaliev.release.xcconfig"; path = "Target Support Files/Pods-ContactApp-Murzaliev/Pods-ContactApp-Murzaliev.release.xcconfig"; sourceTree = "<group>"; };
		6B0A3FF87EDCFD332CF5F663 /* Pods_ContactApp_Murzaliev.framework */ = {isa = PBXFileReference; explicitFileType = wrapper.framework; includeInIndex = 0; path = Pods_ContactApp_Murzaliev.framework; sourceTree = BUILT_PRODUCTS_DIR; };
		DC5D42F53F8372A97C54D203 /* Pods-ContactApp-Murzaliev.debug.xcconfig */ = {isa = PBXFileReference; includeInIndex = 1; lastKnownFileType = text.xcconfig; name = "Pods-ContactApp-Murzaliev.debug.xcconfig"; path = "Target Support Files/Pods-ContactApp-Murzaliev/Pods-ContactApp-Murzaliev.debug.xcconfig"; sourceTree = "<group>"; };
		DD183A4327BD42DF007B3138 /* ContactApp-Murzaliev.app */ = {isa = PBXFileReference; explicitFileType = wrapper.application; includeInIndex = 0; path = "ContactApp-Murzaliev.app"; sourceTree = BUILT_PRODUCTS_DIR; };
		DD183A4627BD42DF007B3138 /* AppDelegate.swift */ = {isa = PBXFileReference; lastKnownFileType = sourcecode.swift; path = AppDelegate.swift; sourceTree = "<group>"; };
		DD183A4827BD42DF007B3138 /* SceneDelegate.swift */ = {isa = PBXFileReference; lastKnownFileType = sourcecode.swift; path = SceneDelegate.swift; sourceTree = "<group>"; };
		DD183A4A27BD42DF007B3138 /* MainController.swift */ = {isa = PBXFileReference; lastKnownFileType = sourcecode.swift; path = MainController.swift; sourceTree = "<group>"; };
		DD183A4D27BD42DF007B3138 /* Base */ = {isa = PBXFileReference; lastKnownFileType = file.storyboard; name = Base; path = Base.lproj/Main.storyboard; sourceTree = "<group>"; };
		DD183A4F27BD42E1007B3138 /* Assets.xcassets */ = {isa = PBXFileReference; lastKnownFileType = folder.assetcatalog; path = Assets.xcassets; sourceTree = "<group>"; };
		DD183A5227BD42E1007B3138 /* Base */ = {isa = PBXFileReference; lastKnownFileType = file.storyboard; name = Base; path = Base.lproj/LaunchScreen.storyboard; sourceTree = "<group>"; };
		DD183A5427BD42E1007B3138 /* Info.plist */ = {isa = PBXFileReference; lastKnownFileType = text.plist.xml; path = Info.plist; sourceTree = "<group>"; };
		DD183A5C27BD456F007B3138 /* MainDocument.swift */ = {isa = PBXFileReference; lastKnownFileType = sourcecode.swift; path = MainDocument.swift; sourceTree = "<group>"; };
		DD183A7127BFF505007B3138 /* AddContactController.swift */ = {isa = PBXFileReference; lastKnownFileType = sourcecode.swift; path = AddContactController.swift; sourceTree = "<group>"; };
		DD183A7327C005E7007B3138 /* ContactCell.swift */ = {isa = PBXFileReference; lastKnownFileType = sourcecode.swift; path = ContactCell.swift; sourceTree = "<group>"; };
		DD183A7527C00779007B3138 /* CellModel.swift */ = {isa = PBXFileReference; lastKnownFileType = sourcecode.swift; path = CellModel.swift; sourceTree = "<group>"; };
		DDF32B9527C1112800DE94F1 /* ContactDetailsController.swift */ = {isa = PBXFileReference; lastKnownFileType = sourcecode.swift; path = ContactDetailsController.swift; sourceTree = "<group>"; };
/* End PBXFileReference section */

/* Begin PBXFrameworksBuildPhase section */
		DD183A4027BD42DF007B3138 /* Frameworks */ = {
			isa = PBXFrameworksBuildPhase;
			buildActionMask = 2147483647;
			files = (
				50559EA96EBEBF080DF95185 /* Pods_ContactApp_Murzaliev.framework in Frameworks */,
			);
			runOnlyForDeploymentPostprocessing = 0;
		};
/* End PBXFrameworksBuildPhase section */

/* Begin PBXGroup section */
		601BCD9237F8092B2E54AE49 /* Frameworks */ = {
			isa = PBXGroup;
			children = (
				6B0A3FF87EDCFD332CF5F663 /* Pods_ContactApp_Murzaliev.framework */,
			);
			name = Frameworks;
			sourceTree = "<group>";
		};
		B0C1579C32455E011CFAEE6B /* Pods */ = {
			isa = PBXGroup;
			children = (
				DC5D42F53F8372A97C54D203 /* Pods-ContactApp-Murzaliev.debug.xcconfig */,
				51BF50CB2C65633CB3DCD6F5 /* Pods-ContactApp-Murzaliev.release.xcconfig */,
			);
			path = Pods;
			sourceTree = "<group>";
		};
		DD183A3A27BD42DF007B3138 = {
			isa = PBXGroup;
			children = (
				DD183A4527BD42DF007B3138 /* ContactApp-Murzaliev */,
				DD183A4427BD42DF007B3138 /* Products */,
				B0C1579C32455E011CFAEE6B /* Pods */,
				601BCD9237F8092B2E54AE49 /* Frameworks */,
			);
			sourceTree = "<group>";
		};
		DD183A4427BD42DF007B3138 /* Products */ = {
			isa = PBXGroup;
			children = (
				DD183A4327BD42DF007B3138 /* ContactApp-Murzaliev.app */,
			);
			name = Products;
			sourceTree = "<group>";
		};
		DD183A4527BD42DF007B3138 /* ContactApp-Murzaliev */ = {
			isa = PBXGroup;
			children = (
				DD183A4627BD42DF007B3138 /* AppDelegate.swift */,
				DD183A4827BD42DF007B3138 /* SceneDelegate.swift */,
				DD183A5B27BD440E007B3138 /* Main */,
				DD183A7D27C02C47007B3138 /* AddContact */,
				DD183A7B27C02C2F007B3138 /* Cell */,
				DDF32B9727C112D000DE94F1 /* ContactDetails */,
				DD183A7C27C02C37007B3138 /* Model */,
				DD183A4C27BD42DF007B3138 /* Main.storyboard */,
				DD183A4F27BD42E1007B3138 /* Assets.xcassets */,
				DD183A5127BD42E1007B3138 /* LaunchScreen.storyboard */,
				DD183A5427BD42E1007B3138 /* Info.plist */,
			);
			path = "ContactApp-Murzaliev";
			sourceTree = "<group>";
		};
		DD183A5B27BD440E007B3138 /* Main */ = {
			isa = PBXGroup;
			children = (
				DD183A4A27BD42DF007B3138 /* MainController.swift */,
				DD183A5C27BD456F007B3138 /* MainDocument.swift */,
			);
			path = Main;
			sourceTree = "<group>";
		};
		DD183A7B27C02C2F007B3138 /* Cell */ = {
			isa = PBXGroup;
			children = (
				DD183A7327C005E7007B3138 /* ContactCell.swift */,
			);
			path = Cell;
			sourceTree = "<group>";
		};
		DD183A7C27C02C37007B3138 /* Model */ = {
			isa = PBXGroup;
			children = (
				DD183A7527C00779007B3138 /* CellModel.swift */,
			);
			path = Model;
			sourceTree = "<group>";
		};
		DD183A7D27C02C47007B3138 /* AddContact */ = {
			isa = PBXGroup;
			children = (
				DD183A7127BFF505007B3138 /* AddContactController.swift */,
			);
			path = AddContact;
			sourceTree = "<group>";
		};
		DDF32B9727C112D000DE94F1 /* ContactDetails */ = {
			isa = PBXGroup;
			children = (
				DDF32B9527C1112800DE94F1 /* ContactDetailsController.swift */,
			);
			path = ContactDetails;
			sourceTree = "<group>";
		};
/* End PBXGroup section */

/* Begin PBXNativeTarget section */
		DD183A4227BD42DF007B3138 /* ContactApp-Murzaliev */ = {
			isa = PBXNativeTarget;
			buildConfigurationList = DD183A5727BD42E1007B3138 /* Build configuration list for PBXNativeTarget "ContactApp-Murzaliev" */;
			buildPhases = (
				3EA023211B0EA94EBD2ECF37 /* [CP] Check Pods Manifest.lock */,
				DD183A3F27BD42DF007B3138 /* Sources */,
				DD183A4027BD42DF007B3138 /* Frameworks */,
				DD183A4127BD42DF007B3138 /* Resources */,
				8C3FCD388B7BCA3EA5073199 /* [CP] Embed Pods Frameworks */,
			);
			buildRules = (
			);
			dependencies = (
			);
			name = "ContactApp-Murzaliev";
			productName = "ContactApp-Murzaliev";
			productReference = DD183A4327BD42DF007B3138 /* ContactApp-Murzaliev.app */;
			productType = "com.apple.product-type.application";
		};
/* End PBXNativeTarget section */

/* Begin PBXProject section */
		DD183A3B27BD42DF007B3138 /* Project object */ = {
			isa = PBXProject;
			attributes = {
				BuildIndependentTargetsInParallel = 1;
				LastSwiftUpdateCheck = 1320;
				LastUpgradeCheck = 1320;
				TargetAttributes = {
					DD183A4227BD42DF007B3138 = {
						CreatedOnToolsVersion = 13.2.1;
					};
				};
			};
			buildConfigurationList = DD183A3E27BD42DF007B3138 /* Build configuration list for PBXProject "ContactApp-Murzaliev" */;
			compatibilityVersion = "Xcode 13.0";
			developmentRegion = en;
			hasScannedForEncodings = 0;
			knownRegions = (
				en,
				Base,
			);
			mainGroup = DD183A3A27BD42DF007B3138;
			productRefGroup = DD183A4427BD42DF007B3138 /* Products */;
			projectDirPath = "";
			projectRoot = "";
			targets = (
				DD183A4227BD42DF007B3138 /* ContactApp-Murzaliev */,
			);
		};
/* End PBXProject section */

/* Begin PBXResourcesBuildPhase section */
		DD183A4127BD42DF007B3138 /* Resources */ = {
			isa = PBXResourcesBuildPhase;
			buildActionMask = 2147483647;
			files = (
				DD183A5327BD42E1007B3138 /* LaunchScreen.storyboard in Resources */,
				DD183A5027BD42E1007B3138 /* Assets.xcassets in Resources */,
				DD183A4E27BD42DF007B3138 /* Main.storyboard in Resources */,
			);
			runOnlyForDeploymentPostprocessing = 0;
		};
/* End PBXResourcesBuildPhase section */

/* Begin PBXShellScriptBuildPhase section */
		3EA023211B0EA94EBD2ECF37 /* [CP] Check Pods Manifest.lock */ = {
			isa = PBXShellScriptBuildPhase;
			buildActionMask = 2147483647;
			files = (
			);
			inputFileListPaths = (
			);
			inputPaths = (
				"${PODS_PODFILE_DIR_PATH}/Podfile.lock",
				"${PODS_ROOT}/Manifest.lock",
			);
			name = "[CP] Check Pods Manifest.lock";
			outputFileListPaths = (
			);
			outputPaths = (
				"$(DERIVED_FILE_DIR)/Pods-ContactApp-Murzaliev-checkManifestLockResult.txt",
			);
			runOnlyForDeploymentPostprocessing = 0;
			shellPath = /bin/sh;
			shellScript = "diff \"${PODS_PODFILE_DIR_PATH}/Podfile.lock\" \"${PODS_ROOT}/Manifest.lock\" > /dev/null\nif [ $? != 0 ] ; then\n    # print error to STDERR\n    echo \"error: The sandbox is not in sync with the Podfile.lock. Run 'pod install' or update your CocoaPods installation.\" >&2\n    exit 1\nfi\n# This output is used by Xcode 'outputs' to avoid re-running this script phase.\necho \"SUCCESS\" > \"${SCRIPT_OUTPUT_FILE_0}\"\n";
			showEnvVarsInLog = 0;
		};
		8C3FCD388B7BCA3EA5073199 /* [CP] Embed Pods Frameworks */ = {
			isa = PBXShellScriptBuildPhase;
			buildActionMask = 2147483647;
			files = (
			);
			inputFileListPaths = (
				"${PODS_ROOT}/Target Support Files/Pods-ContactApp-Murzaliev/Pods-ContactApp-Murzaliev-frameworks-${CONFIGURATION}-input-files.xcfilelist",
			);
			name = "[CP] Embed Pods Frameworks";
			outputFileListPaths = (
				"${PODS_ROOT}/Target Support Files/Pods-ContactApp-Murzaliev/Pods-ContactApp-Murzaliev-frameworks-${CONFIGURATION}-output-files.xcfilelist",
			);
			runOnlyForDeploymentPostprocessing = 0;
			shellPath = /bin/sh;
			shellScript = "\"${PODS_ROOT}/Target Support Files/Pods-ContactApp-Murzaliev/Pods-ContactApp-Murzaliev-frameworks.sh\"\n";
			showEnvVarsInLog = 0;
		};
/* End PBXShellScriptBuildPhase section */

/* Begin PBXSourcesBuildPhase section */
		DD183A3F27BD42DF007B3138 /* Sources */ = {
			isa = PBXSourcesBuildPhase;
			buildActionMask = 2147483647;
			files = (
				DD183A7427C005E8007B3138 /* ContactCell.swift in Sources */,
				DD183A4B27BD42DF007B3138 /* MainController.swift in Sources */,
				DD183A5D27BD456F007B3138 /* MainDocument.swift in Sources */,
				DD183A4727BD42DF007B3138 /* AppDelegate.swift in Sources */,
				DD183A7627C00779007B3138 /* CellModel.swift in Sources */,
				DD183A7227BFF505007B3138 /* AddContactController.swift in Sources */,
				DD183A4927BD42DF007B3138 /* SceneDelegate.swift in Sources */,
				DDF32B9627C1112800DE94F1 /* ContactDetailsController.swift in Sources */,
			);
			runOnlyForDeploymentPostprocessing = 0;
		};
/* End PBXSourcesBuildPhase section */

/* Begin PBXVariantGroup section */
		DD183A4C27BD42DF007B3138 /* Main.storyboard */ = {
			isa = PBXVariantGroup;
			children = (
				DD183A4D27BD42DF007B3138 /* Base */,
			);
			name = Main.storyboard;
			sourceTree = "<group>";
		};
		DD183A5127BD42E1007B3138 /* LaunchScreen.storyboard */ = {
			isa = PBXVariantGroup;
			children = (
				DD183A5227BD42E1007B3138 /* Base */,
			);
			name = LaunchScreen.storyboard;
			sourceTree = "<group>";
		};
/* End PBXVariantGroup section */

/* Begin XCBuildConfiguration section */
		DD183A5527BD42E1007B3138 /* Debug */ = {
			isa = XCBuildConfiguration;
			buildSettings = {
				ALWAYS_SEARCH_USER_PATHS = NO;
				CLANG_ANALYZER_NONNULL = YES;
				CLANG_ANALYZER_NUMBER_OBJECT_CONVERSION = YES_AGGRESSIVE;
				CLANG_CXX_LANGUAGE_STANDARD = "gnu++17";
				CLANG_CXX_LIBRARY = "libc++";
				CLANG_ENABLE_MODULES = YES;
				CLANG_ENABLE_OBJC_ARC = YES;
				CLANG_ENABLE_OBJC_WEAK = YES;
				CLANG_WARN_BLOCK_CAPTURE_AUTORELEASING = YES;
				CLANG_WARN_BOOL_CONVERSION = YES;
				CLANG_WARN_COMMA = YES;
				CLANG_WARN_CONSTANT_CONVERSION = YES;
				CLANG_WARN_DEPRECATED_OBJC_IMPLEMENTATIONS = YES;
				CLANG_WARN_DIRECT_OBJC_ISA_USAGE = YES_ERROR;
				CLANG_WARN_DOCUMENTATION_COMMENTS = YES;
				CLANG_WARN_EMPTY_BODY = YES;
				CLANG_WARN_ENUM_CONVERSION = YES;
				CLANG_WARN_INFINITE_RECURSION = YES;
				CLANG_WARN_INT_CONVERSION = YES;
				CLANG_WARN_NON_LITERAL_NULL_CONVERSION = YES;
				CLANG_WARN_OBJC_IMPLICIT_RETAIN_SELF = YES;
				CLANG_WARN_OBJC_LITERAL_CONVERSION = YES;
				CLANG_WARN_OBJC_ROOT_CLASS = YES_ERROR;
				CLANG_WARN_QUOTED_INCLUDE_IN_FRAMEWORK_HEADER = YES;
				CLANG_WARN_RANGE_LOOP_ANALYSIS = YES;
				CLANG_WARN_STRICT_PROTOTYPES = YES;
				CLANG_WARN_SUSPICIOUS_MOVE = YES;
				CLANG_WARN_UNGUARDED_AVAILABILITY = YES_AGGRESSIVE;
				CLANG_WARN_UNREACHABLE_CODE = YES;
				CLANG_WARN__DUPLICATE_METHOD_MATCH = YES;
				COPY_PHASE_STRIP = NO;
				DEBUG_INFORMATION_FORMAT = dwarf;
				ENABLE_STRICT_OBJC_MSGSEND = YES;
				ENABLE_TESTABILITY = YES;
				GCC_C_LANGUAGE_STANDARD = gnu11;
				GCC_DYNAMIC_NO_PIC = NO;
				GCC_NO_COMMON_BLOCKS = YES;
				GCC_OPTIMIZATION_LEVEL = 0;
				GCC_PREPROCESSOR_DEFINITIONS = (
					"DEBUG=1",
					"$(inherited)",
				);
				GCC_WARN_64_TO_32_BIT_CONVERSION = YES;
				GCC_WARN_ABOUT_RETURN_TYPE = YES_ERROR;
				GCC_WARN_UNDECLARED_SELECTOR = YES;
				GCC_WARN_UNINITIALIZED_AUTOS = YES_AGGRESSIVE;
				GCC_WARN_UNUSED_FUNCTION = YES;
				GCC_WARN_UNUSED_VARIABLE = YES;
				IPHONEOS_DEPLOYMENT_TARGET = 15.2;
				MTL_ENABLE_DEBUG_INFO = INCLUDE_SOURCE;
				MTL_FAST_MATH = YES;
				ONLY_ACTIVE_ARCH = YES;
				SDKROOT = iphoneos;
				SWIFT_ACTIVE_COMPILATION_CONDITIONS = DEBUG;
				SWIFT_OPTIMIZATION_LEVEL = "-Onone";
			};
			name = Debug;
		};
		DD183A5627BD42E1007B3138 /* Release */ = {
			isa = XCBuildConfiguration;
			buildSettings = {
				ALWAYS_SEARCH_USER_PATHS = NO;
				CLANG_ANALYZER_NONNULL = YES;
				CLANG_ANALYZER_NUMBER_OBJECT_CONVERSION = YES_AGGRESSIVE;
				CLANG_CXX_LANGUAGE_STANDARD = "gnu++17";
				CLANG_CXX_LIBRARY = "libc++";
				CLANG_ENABLE_MODULES = YES;
				CLANG_ENABLE_OBJC_ARC = YES;
				CLANG_ENABLE_OBJC_WEAK = YES;
				CLANG_WARN_BLOCK_CAPTURE_AUTORELEASING = YES;
				CLANG_WARN_BOOL_CONVERSION = YES;
				CLANG_WARN_COMMA = YES;
				CLANG_WARN_CONSTANT_CONVERSION = YES;
				CLANG_WARN_DEPRECATED_OBJC_IMPLEMENTATIONS = YES;
				CLANG_WARN_DIRECT_OBJC_ISA_USAGE = YES_ERROR;
				CLANG_WARN_DOCUMENTATION_COMMENTS = YES;
				CLANG_WARN_EMPTY_BODY = YES;
				CLANG_WARN_ENUM_CONVERSION = YES;
				CLANG_WARN_INFINITE_RECURSION = YES;
				CLANG_WARN_INT_CONVERSION = YES;
				CLANG_WARN_NON_LITERAL_NULL_CONVERSION = YES;
				CLANG_WARN_OBJC_IMPLICIT_RETAIN_SELF = YES;
				CLANG_WARN_OBJC_LITERAL_CONVERSION = YES;
				CLANG_WARN_OBJC_ROOT_CLASS = YES_ERROR;
				CLANG_WARN_QUOTED_INCLUDE_IN_FRAMEWORK_HEADER = YES;
				CLANG_WARN_RANGE_LOOP_ANALYSIS = YES;
				CLANG_WARN_STRICT_PROTOTYPES = YES;
				CLANG_WARN_SUSPICIOUS_MOVE = YES;
				CLANG_WARN_UNGUARDED_AVAILABILITY = YES_AGGRESSIVE;
				CLANG_WARN_UNREACHABLE_CODE = YES;
				CLANG_WARN__DUPLICATE_METHOD_MATCH = YES;
				COPY_PHASE_STRIP = NO;
				DEBUG_INFORMATION_FORMAT = "dwarf-with-dsym";
				ENABLE_NS_ASSERTIONS = NO;
				ENABLE_STRICT_OBJC_MSGSEND = YES;
				GCC_C_LANGUAGE_STANDARD = gnu11;
				GCC_NO_COMMON_BLOCKS = YES;
				GCC_WARN_64_TO_32_BIT_CONVERSION = YES;
				GCC_WARN_ABOUT_RETURN_TYPE = YES_ERROR;
				GCC_WARN_UNDECLARED_SELECTOR = YES;
				GCC_WARN_UNINITIALIZED_AUTOS = YES_AGGRESSIVE;
				GCC_WARN_UNUSED_FUNCTION = YES;
				GCC_WARN_UNUSED_VARIABLE = YES;
				IPHONEOS_DEPLOYMENT_TARGET = 15.2;
				MTL_ENABLE_DEBUG_INFO = NO;
				MTL_FAST_MATH = YES;
				SDKROOT = iphoneos;
				SWIFT_COMPILATION_MODE = wholemodule;
				SWIFT_OPTIMIZATION_LEVEL = "-O";
				VALIDATE_PRODUCT = YES;
			};
			name = Release;
		};
		DD183A5827BD42E1007B3138 /* Debug */ = {
			isa = XCBuildConfiguration;
			baseConfigurationReference = DC5D42F53F8372A97C54D203 /* Pods-ContactApp-Murzaliev.debug.xcconfig */;
			buildSettings = {
				ASSETCATALOG_COMPILER_APPICON_NAME = AppIcon;
				ASSETCATALOG_COMPILER_GLOBAL_ACCENT_COLOR_NAME = AccentColor;
				CODE_SIGN_STYLE = Automatic;
				CURRENT_PROJECT_VERSION = 1;
				DEVELOPMENT_TEAM = G9PZ3UK432;
				GENERATE_INFOPLIST_FILE = YES;
				INFOPLIST_FILE = "ContactApp-Murzaliev/Info.plist";
				INFOPLIST_KEY_UIApplicationSupportsIndirectInputEvents = YES;
				INFOPLIST_KEY_UILaunchStoryboardName = LaunchScreen;
				INFOPLIST_KEY_UIMainStoryboardFile = Main;
				INFOPLIST_KEY_UISupportedInterfaceOrientations_iPad = "UIInterfaceOrientationPortrait UIInterfaceOrientationPortraitUpsideDown UIInterfaceOrientationLandscapeLeft UIInterfaceOrientationLandscapeRight";
				INFOPLIST_KEY_UISupportedInterfaceOrientations_iPhone = "UIInterfaceOrientationPortrait UIInterfaceOrientationLandscapeLeft UIInterfaceOrientationLandscapeRight";
				LD_RUNPATH_SEARCH_PATHS = (
					"$(inherited)",
					"@executable_path/Frameworks",
				);
				MARKETING_VERSION = 1.0;
				PRODUCT_BUNDLE_IDENTIFIER = "com.practice.home.smurzaliev.ContactApp-Murzaliev";
				PRODUCT_NAME = "$(TARGET_NAME)";
				SWIFT_EMIT_LOC_STRINGS = YES;
				SWIFT_VERSION = 5.0;
				TARGETED_DEVICE_FAMILY = "1,2";
			};
			name = Debug;
		};
		DD183A5927BD42E1007B3138 /* Release */ = {
			isa = XCBuildConfiguration;
			baseConfigurationReference = 51BF50CB2C65633CB3DCD6F5 /* Pods-ContactApp-Murzaliev.release.xcconfig */;
			buildSettings = {
				ASSETCATALOG_COMPILER_APPICON_NAME = AppIcon;
				ASSETCATALOG_COMPILER_GLOBAL_ACCENT_COLOR_NAME = AccentColor;
				CODE_SIGN_STYLE = Automatic;
				CURRENT_PROJECT_VERSION = 1;
				DEVELOPMENT_TEAM = G9PZ3UK432;
				GENERATE_INFOPLIST_FILE = YES;
				INFOPLIST_FILE = "ContactApp-Murzaliev/Info.plist";
				INFOPLIST_KEY_UIApplicationSupportsIndirectInputEvents = YES;
				INFOPLIST_KEY_UILaunchStoryboardName = LaunchScreen;
				INFOPLIST_KEY_UIMainStoryboardFile = Main;
				INFOPLIST_KEY_UISupportedInterfaceOrientations_iPad = "UIInterfaceOrientationPortrait UIInterfaceOrientationPortraitUpsideDown UIInterfaceOrientationLandscapeLeft UIInterfaceOrientationLandscapeRight";
				INFOPLIST_KEY_UISupportedInterfaceOrientations_iPhone = "UIInterfaceOrientationPortrait UIInterfaceOrientationLandscapeLeft UIInterfaceOrientationLandscapeRight";
				LD_RUNPATH_SEARCH_PATHS = (
					"$(inherited)",
					"@executable_path/Frameworks",
				);
				MARKETING_VERSION = 1.0;
				PRODUCT_BUNDLE_IDENTIFIER = "com.practice.home.smurzaliev.ContactApp-Murzaliev";
				PRODUCT_NAME = "$(TARGET_NAME)";
				SWIFT_EMIT_LOC_STRINGS = YES;
				SWIFT_VERSION = 5.0;
				TARGETED_DEVICE_FAMILY = "1,2";
			};
			name = Release;
		};
/* End XCBuildConfiguration section */

/* Begin XCConfigurationList section */
		DD183A3E27BD42DF007B3138 /* Build configuration list for PBXProject "ContactApp-Murzaliev" */ = {
			isa = XCConfigurationList;
			buildConfigurations = (
				DD183A5527BD42E1007B3138 /* Debug */,
				DD183A5627BD42E1007B3138 /* Release */,
			);
			defaultConfigurationIsVisible = 0;
			defaultConfigurationName = Release;
		};
		DD183A5727BD42E1007B3138 /* Build configuration list for PBXNativeTarget "ContactApp-Murzaliev" */ = {
			isa = XCConfigurationList;
			buildConfigurations = (
				DD183A5827BD42E1007B3138 /* Debug */,
				DD183A5927BD42E1007B3138 /* Release */,
			);
			defaultConfigurationIsVisible = 0;
			defaultConfigurationName = Release;
		};
/* End XCConfigurationList section */
	};
	rootObject = DD183A3B27BD42DF007B3138 /* Project object */;
}
